
Microsoft Visual Studio Solution File, Format Version 12.00
# Visual Studio Version 16
VisualStudioVersion = 16.0.30711.63
MinimumVisualStudioVersion = 10.0.40219.1
Project("{FAE04EC0-301F-11D3-BF4B-00C04F79EFBC}") = "Treino", "Treino\Treino.csproj", "{367959AC-5C47-494A-90DB-3102C8F1B982}"
EndProject
Global
	GlobalSection(SolutionConfigurationPlatforms) = preSolution
		Debug|Any CPU = Debug|Any CPU
		Release|Any CPU = Release|Any CPU
	EndGlobalSection
	GlobalSection(ProjectConfigurationPlatforms) = postSolution
		{367959AC-5C47-494A-90DB-3102C8F1B982}.Debug|Any CPU.ActiveCfg = Debug|Any CPU
		{367959AC-5C47-494A-90DB-3102C8F1B982}.Debug|Any CPU.Build.0 = Debug|Any CPU
		{367959AC-5C47-494A-90DB-3102C8F1B982}.Release|Any CPU.ActiveCfg = Release|Any CPU
		{367959AC-5C47-494A-90DB-3102C8F1B982}.Release|Any CPU.Build.0 = Release|Any CPU
	EndGlobalSection
	GlobalSection(SolutionProperties) = preSolution
		HideSolutionNode = FALSE
	EndGlobalSection
	GlobalSection(ExtensibilityGlobals) = postSolution
		SolutionGuid = {E56231E1-05E7-4752-AE3F-0DC63CF76052}
	EndGlobalSection
EndGlobal
